# This file is generated by running "yarn install" inside your project.
# Manual changes might be lost - proceed with caution!

__metadata:
  version: 6
  cacheKey: 8

"toss-standard-workspace@workspace:.":
  version: 0.0.0-use.local
  resolution: "toss-standard-workspace@workspace:."
  dependencies:
    typescript: ^4.9.5
  languageName: unknown
  linkType: soft

"typescript@npm:^4.9.5":
  version: 4.9.5
  resolution: "typescript@npm:4.9.5"
  bin:
    tsc: bin/tsc
    tsserver: bin/tsserver
  checksum: ee000bc26848147ad423b581bd250075662a354d84f0e06eb76d3b892328d8d4440b7487b5a83e851b12b255f55d71835b008a66cbf8f255a11e4400159237db
  languageName: node
  linkType: hard

"typescript@patch:typescript@^4.9.5#~builtin<compat/typescript>":
  version: 4.9.5
  resolution: "typescript@patch:typescript@npm%3A4.9.5#~builtin<compat/typescript>::version=4.9.5&hash=a1c5e5"
  bin:
    tsc: bin/tsc
    tsserver: bin/tsserver
  checksum: 2eee5c37cad4390385db5db5a8e81470e42e8f1401b0358d7390095d6f681b410f2c4a0c496c6ff9ebd775423c7785cdace7bcdad76c7bee283df3d9718c0f20
  languageName: node
  linkType: hard
